
Microsoft Visual Studio Solution File, Format Version 12.00
# Visual Studio Version 17
VisualStudioVersion = 17.4.33205.214
MinimumVisualStudioVersion = 10.0.40219.1
Project("{FAE04EC0-301F-11D3-BF4B-00C04F79EFBC}") = "JustForTheWinTest", "JustForTheWinTest\JustForTheWinTest.csproj", "{0808BD13-14D0-4B93-B336-A9B078F089CE}"
EndProject
Global
	GlobalSection(SolutionConfigurationPlatforms) = preSolution
		Debug|Any CPU = Debug|Any CPU
		Release|Any CPU = Release|Any CPU
	EndGlobalSection
	GlobalSection(ProjectConfigurationPlatforms) = postSolution
		{0808BD13-14D0-4B93-B336-A9B078F089CE}.Debug|Any CPU.ActiveCfg = Debug|Any CPU
		{0808BD13-14D0-4B93-B336-A9B078F089CE}.Debug|Any CPU.Build.0 = Debug|Any CPU
		{0808BD13-14D0-4B93-B336-A9B078F089CE}.Release|Any CPU.ActiveCfg = Release|Any CPU
		{0808BD13-14D0-4B93-B336-A9B078F089CE}.Release|Any CPU.Build.0 = Release|Any CPU
	EndGlobalSection
	GlobalSection(SolutionProperties) = preSolution
		HideSolutionNode = FALSE
	EndGlobalSection
	GlobalSection(ExtensibilityGlobals) = postSolution
		SolutionGuid = {81E31345-F354-42D6-85D3-19BE5673E5E3}
	EndGlobalSection
EndGlobal
